
Microsoft Visual Studio Solution File, Format Version 12.00
# Visual Studio Version 17
VisualStudioVersion = 17.3.32811.315
MinimumVisualStudioVersion = 10.0.40219.1
Project("{FAE04EC0-301F-11D3-BF4B-00C04F79EFBC}") = "Sobitie", "Sobitie\Sobitie.csproj", "{1F6A5853-CE7C-4968-A6F7-5E5686167E51}"
EndProject
Global
	GlobalSection(SolutionConfigurationPlatforms) = preSolution
		Debug|Any CPU = Debug|Any CPU
		Release|Any CPU = Release|Any CPU
	EndGlobalSection
	GlobalSection(ProjectConfigurationPlatforms) = postSolution
		{1F6A5853-CE7C-4968-A6F7-5E5686167E51}.Debug|Any CPU.ActiveCfg = Debug|Any CPU
		{1F6A5853-CE7C-4968-A6F7-5E5686167E51}.Debug|Any CPU.Build.0 = Debug|Any CPU
		{1F6A5853-CE7C-4968-A6F7-5E5686167E51}.Release|Any CPU.ActiveCfg = Release|Any CPU
		{1F6A5853-CE7C-4968-A6F7-5E5686167E51}.Release|Any CPU.Build.0 = Release|Any CPU
	EndGlobalSection
	GlobalSection(SolutionProperties) = preSolution
		HideSolutionNode = FALSE
	EndGlobalSection
	GlobalSection(ExtensibilityGlobals) = postSolution
		SolutionGuid = {E983C343-E52F-4317-B7D3-58A4C951BE6C}
	EndGlobalSection
EndGlobal
